
Microsoft Visual Studio Solution File, Format Version 12.00
# Visual Studio Version 17
VisualStudioVersion = 17.2.32602.215
MinimumVisualStudioVersion = 10.0.40219.1
Project("{FAE04EC0-301F-11D3-BF4B-00C04F79EFBC}") = "ProbabilityStatistics", "ProbabilityStatistics\ProbabilityStatistics.csproj", "{29BC6586-EB3C-4B22-A667-02CDFE5A1075}"
EndProject
Global
	GlobalSection(SolutionConfigurationPlatforms) = preSolution
		Debug|Any CPU = Debug|Any CPU
		Release|Any CPU = Release|Any CPU
	EndGlobalSection
	GlobalSection(ProjectConfigurationPlatforms) = postSolution
		{29BC6586-EB3C-4B22-A667-02CDFE5A1075}.Debug|Any CPU.ActiveCfg = Debug|Any CPU
		{29BC6586-EB3C-4B22-A667-02CDFE5A1075}.Debug|Any CPU.Build.0 = Debug|Any CPU
		{29BC6586-EB3C-4B22-A667-02CDFE5A1075}.Release|Any CPU.ActiveCfg = Release|Any CPU
		{29BC6586-EB3C-4B22-A667-02CDFE5A1075}.Release|Any CPU.Build.0 = Release|Any CPU
	EndGlobalSection
	GlobalSection(SolutionProperties) = preSolution
		HideSolutionNode = FALSE
	EndGlobalSection
	GlobalSection(ExtensibilityGlobals) = postSolution
		SolutionGuid = {2D0C27A4-6981-4C97-B45C-5B087CD5C621}
	EndGlobalSection
EndGlobal
